
Microsoft Visual Studio Solution File, Format Version 12.00
# Visual Studio Version 16
VisualStudioVersion = 16.0.30128.74
MinimumVisualStudioVersion = 10.0.40219.1
Project("{9A19103F-16F7-4668-BE54-9A1E7A4F7556}") = "OdeToFood", "OdeToFood\OdeToFood.csproj", "{30EF057C-4720-480C-8229-DE6DF404197B}"
EndProject
Project("{FAE04EC0-301F-11D3-BF4B-00C04F79EFBC}") = "OdeToFood.Core", "OdeToFood.Core\OdeToFood.Core.csproj", "{B74923C2-3E2C-4FD7-AB38-8912F2527327}"
EndProject
Project("{FAE04EC0-301F-11D3-BF4B-00C04F79EFBC}") = "OdeToFood.Data", "OdeToFood.Data\OdeToFood.Data.csproj", "{8E6A46DA-8200-4658-9F40-D8D40EAC7DF3}"
EndProject
Global
	GlobalSection(SolutionConfigurationPlatforms) = preSolution
		Debug|Any CPU = Debug|Any CPU
		Release|Any CPU = Release|Any CPU
	EndGlobalSection
	GlobalSection(ProjectConfigurationPlatforms) = postSolution
		{30EF057C-4720-480C-8229-DE6DF404197B}.Debug|Any CPU.ActiveCfg = Debug|Any CPU
		{30EF057C-4720-480C-8229-DE6DF404197B}.Debug|Any CPU.Build.0 = Debug|Any CPU
		{30EF057C-4720-480C-8229-DE6DF404197B}.Release|Any CPU.ActiveCfg = Release|Any CPU
		{30EF057C-4720-480C-8229-DE6DF404197B}.Release|Any CPU.Build.0 = Release|Any CPU
		{B74923C2-3E2C-4FD7-AB38-8912F2527327}.Debug|Any CPU.ActiveCfg = Debug|Any CPU
		{B74923C2-3E2C-4FD7-AB38-8912F2527327}.Debug|Any CPU.Build.0 = Debug|Any CPU
		{B74923C2-3E2C-4FD7-AB38-8912F2527327}.Release|Any CPU.ActiveCfg = Release|Any CPU
		{B74923C2-3E2C-4FD7-AB38-8912F2527327}.Release|Any CPU.Build.0 = Release|Any CPU
		{8E6A46DA-8200-4658-9F40-D8D40EAC7DF3}.Debug|Any CPU.ActiveCfg = Debug|Any CPU
		{8E6A46DA-8200-4658-9F40-D8D40EAC7DF3}.Debug|Any CPU.Build.0 = Debug|Any CPU
		{8E6A46DA-8200-4658-9F40-D8D40EAC7DF3}.Release|Any CPU.ActiveCfg = Release|Any CPU
		{8E6A46DA-8200-4658-9F40-D8D40EAC7DF3}.Release|Any CPU.Build.0 = Release|Any CPU
	EndGlobalSection
	GlobalSection(SolutionProperties) = preSolution
		HideSolutionNode = FALSE
	EndGlobalSection
	GlobalSection(ExtensibilityGlobals) = postSolution
		SolutionGuid = {0043700A-F8D0-41EC-933C-3DF620C456AD}
	EndGlobalSection
EndGlobal
